
Microsoft Visual Studio Solution File, Format Version 12.00
# Visual Studio Version 17
VisualStudioVersion = 17.11.35208.52
MinimumVisualStudioVersion = 10.0.40219.1
Project("{FAE04EC0-301F-11D3-BF4B-00C04F79EFBC}") = "DI_Constructor", "DI_Constructor\DI_Constructor.csproj", "{E1B81B68-9E63-4360-9334-AC14B3DED684}"
EndProject
Global
	GlobalSection(SolutionConfigurationPlatforms) = preSolution
		Debug|Any CPU = Debug|Any CPU
		Release|Any CPU = Release|Any CPU
	EndGlobalSection
	GlobalSection(ProjectConfigurationPlatforms) = postSolution
		{E1B81B68-9E63-4360-9334-AC14B3DED684}.Debug|Any CPU.ActiveCfg = Debug|Any CPU
		{E1B81B68-9E63-4360-9334-AC14B3DED684}.Debug|Any CPU.Build.0 = Debug|Any CPU
		{E1B81B68-9E63-4360-9334-AC14B3DED684}.Release|Any CPU.ActiveCfg = Release|Any CPU
		{E1B81B68-9E63-4360-9334-AC14B3DED684}.Release|Any CPU.Build.0 = Release|Any CPU
	EndGlobalSection
	GlobalSection(SolutionProperties) = preSolution
		HideSolutionNode = FALSE
	EndGlobalSection
	GlobalSection(ExtensibilityGlobals) = postSolution
		SolutionGuid = {8B550F7A-DBA1-47E9-837E-2E60A520A439}
	EndGlobalSection
EndGlobal
